
Microsoft Visual Studio Solution File, Format Version 12.00
# Visual Studio Version 17
VisualStudioVersion = 17.3.32804.467
MinimumVisualStudioVersion = 10.0.40219.1
Project("{9A19103F-16F7-4668-BE54-9A1E7A4F7556}") = "1-OlaMundo", "1-OlaMundo\1-OlaMundo.csproj", "{660C15BF-8CC8-4350-873F-CC2990254FCA}"
EndProject
Project("{9A19103F-16F7-4668-BE54-9A1E7A4F7556}") = "2-CriandoVariaveis", "2-CriandoVariaveis\2-CriandoVariaveis.csproj", "{51B76490-96EF-4B5E-A561-945582B04CBC}"
EndProject
Project("{9A19103F-16F7-4668-BE54-9A1E7A4F7556}") = "3 - CriandoVariaveisPontoFlutuante", "3 - CriandoVariaveisPontoFlutuante\3 - CriandoVariaveisPontoFlutuante.csproj", "{FEB1BD37-5497-48CC-A096-DBE2709B97AE}"
EndProject
Project("{9A19103F-16F7-4668-BE54-9A1E7A4F7556}") = "4-ConversoesOutrosTipos", "4-ConversoesOutrosTipos\4-ConversoesOutrosTipos.csproj", "{54D9CF20-F899-476E-BF98-2AA846E92623}"
EndProject
Project("{9A19103F-16F7-4668-BE54-9A1E7A4F7556}") = "5-CaracteresETextos", "5-CaracteresETextos\5-CaracteresETextos.csproj", "{F60B6BFA-BDA8-4C00-A7E5-6DE09F33533B}"
EndProject
Project("{9A19103F-16F7-4668-BE54-9A1E7A4F7556}") = "6 - AtribuicoesDeVariaveis", "texte\6 - AtribuicoesDeVariaveis.csproj", "{588BA931-85E7-423A-9CC5-72C40CE49663}"
EndProject
Project("{FAE04EC0-301F-11D3-BF4B-00C04F79EFBC}") = "7 - Condicionais", "7 - Condicionais\7 - Condicionais.csproj", "{80302049-2356-4071-9DFE-43AE6D66CFA5}"
EndProject
Project("{FAE04EC0-301F-11D3-BF4B-00C04F79EFBC}") = "8-Condicionais2", "8-Condicionais2\8-Condicionais2.csproj", "{B92809A1-0401-44E9-9A78-BB024C212C1E}"
EndProject
Project("{FAE04EC0-301F-11D3-BF4B-00C04F79EFBC}") = "9-Escopo", "9-Escopo\9-Escopo.csproj", "{52B2C4B8-3760-47BC-8FF4-49676D93FFBC}"
EndProject
Project("{FAE04EC0-301F-11D3-BF4B-00C04F79EFBC}") = "DesafioDaAula", "DesafioDaAula\DesafioDaAula.csproj", "{5472C48A-FDD3-4EC1-AF7E-BAE93BE96399}"
EndProject
Project("{FAE04EC0-301F-11D3-BF4B-00C04F79EFBC}") = "P10-CalculaPoupanca", "10-CalculaPoupanca\P10-CalculaPoupanca.csproj", "{63E8BE38-76B9-4B2D-B908-249A5F7793C3}"
EndProject
Global
	GlobalSection(SolutionConfigurationPlatforms) = preSolution
		Debug|Any CPU = Debug|Any CPU
		Release|Any CPU = Release|Any CPU
	EndGlobalSection
	GlobalSection(ProjectConfigurationPlatforms) = postSolution
		{660C15BF-8CC8-4350-873F-CC2990254FCA}.Debug|Any CPU.ActiveCfg = Debug|Any CPU
		{660C15BF-8CC8-4350-873F-CC2990254FCA}.Debug|Any CPU.Build.0 = Debug|Any CPU
		{660C15BF-8CC8-4350-873F-CC2990254FCA}.Release|Any CPU.ActiveCfg = Release|Any CPU
		{660C15BF-8CC8-4350-873F-CC2990254FCA}.Release|Any CPU.Build.0 = Release|Any CPU
		{51B76490-96EF-4B5E-A561-945582B04CBC}.Debug|Any CPU.ActiveCfg = Debug|Any CPU
		{51B76490-96EF-4B5E-A561-945582B04CBC}.Debug|Any CPU.Build.0 = Debug|Any CPU
		{51B76490-96EF-4B5E-A561-945582B04CBC}.Release|Any CPU.ActiveCfg = Release|Any CPU
		{51B76490-96EF-4B5E-A561-945582B04CBC}.Release|Any CPU.Build.0 = Release|Any CPU
		{FEB1BD37-5497-48CC-A096-DBE2709B97AE}.Debug|Any CPU.ActiveCfg = Debug|Any CPU
		{FEB1BD37-5497-48CC-A096-DBE2709B97AE}.Debug|Any CPU.Build.0 = Debug|Any CPU
		{FEB1BD37-5497-48CC-A096-DBE2709B97AE}.Release|Any CPU.ActiveCfg = Release|Any CPU
		{FEB1BD37-5497-48CC-A096-DBE2709B97AE}.Release|Any CPU.Build.0 = Release|Any CPU
		{54D9CF20-F899-476E-BF98-2AA846E92623}.Debug|Any CPU.ActiveCfg = Debug|Any CPU
		{54D9CF20-F899-476E-BF98-2AA846E92623}.Debug|Any CPU.Build.0 = Debug|Any CPU
		{54D9CF20-F899-476E-BF98-2AA846E92623}.Release|Any CPU.ActiveCfg = Release|Any CPU
		{54D9CF20-F899-476E-BF98-2AA846E92623}.Release|Any CPU.Build.0 = Release|Any CPU
		{F60B6BFA-BDA8-4C00-A7E5-6DE09F33533B}.Debug|Any CPU.ActiveCfg = Debug|Any CPU
		{F60B6BFA-BDA8-4C00-A7E5-6DE09F33533B}.Debug|Any CPU.Build.0 = Debug|Any CPU
		{F60B6BFA-BDA8-4C00-A7E5-6DE09F33533B}.Release|Any CPU.ActiveCfg = Release|Any CPU
		{F60B6BFA-BDA8-4C00-A7E5-6DE09F33533B}.Release|Any CPU.Build.0 = Release|Any CPU
		{588BA931-85E7-423A-9CC5-72C40CE49663}.Debug|Any CPU.ActiveCfg = Debug|Any CPU
		{588BA931-85E7-423A-9CC5-72C40CE49663}.Debug|Any CPU.Build.0 = Debug|Any CPU
		{588BA931-85E7-423A-9CC5-72C40CE49663}.Release|Any CPU.ActiveCfg = Release|Any CPU
		{588BA931-85E7-423A-9CC5-72C40CE49663}.Release|Any CPU.Build.0 = Release|Any CPU
		{80302049-2356-4071-9DFE-43AE6D66CFA5}.Debug|Any CPU.ActiveCfg = Debug|Any CPU
		{80302049-2356-4071-9DFE-43AE6D66CFA5}.Debug|Any CPU.Build.0 = Debug|Any CPU
		{80302049-2356-4071-9DFE-43AE6D66CFA5}.Release|Any CPU.ActiveCfg = Release|Any CPU
		{80302049-2356-4071-9DFE-43AE6D66CFA5}.Release|Any CPU.Build.0 = Release|Any CPU
		{B92809A1-0401-44E9-9A78-BB024C212C1E}.Debug|Any CPU.ActiveCfg = Debug|Any CPU
		{B92809A1-0401-44E9-9A78-BB024C212C1E}.Debug|Any CPU.Build.0 = Debug|Any CPU
		{B92809A1-0401-44E9-9A78-BB024C212C1E}.Release|Any CPU.ActiveCfg = Release|Any CPU
		{B92809A1-0401-44E9-9A78-BB024C212C1E}.Release|Any CPU.Build.0 = Release|Any CPU
		{52B2C4B8-3760-47BC-8FF4-49676D93FFBC}.Debug|Any CPU.ActiveCfg = Debug|Any CPU
		{52B2C4B8-3760-47BC-8FF4-49676D93FFBC}.Debug|Any CPU.Build.0 = Debug|Any CPU
		{52B2C4B8-3760-47BC-8FF4-49676D93FFBC}.Release|Any CPU.ActiveCfg = Release|Any CPU
		{52B2C4B8-3760-47BC-8FF4-49676D93FFBC}.Release|Any CPU.Build.0 = Release|Any CPU
		{5472C48A-FDD3-4EC1-AF7E-BAE93BE96399}.Debug|Any CPU.ActiveCfg = Debug|Any CPU
		{5472C48A-FDD3-4EC1-AF7E-BAE93BE96399}.Debug|Any CPU.Build.0 = Debug|Any CPU
		{5472C48A-FDD3-4EC1-AF7E-BAE93BE96399}.Release|Any CPU.ActiveCfg = Release|Any CPU
		{5472C48A-FDD3-4EC1-AF7E-BAE93BE96399}.Release|Any CPU.Build.0 = Release|Any CPU
		{63E8BE38-76B9-4B2D-B908-249A5F7793C3}.Debug|Any CPU.ActiveCfg = Debug|Any CPU
		{63E8BE38-76B9-4B2D-B908-249A5F7793C3}.Debug|Any CPU.Build.0 = Debug|Any CPU
		{63E8BE38-76B9-4B2D-B908-249A5F7793C3}.Release|Any CPU.ActiveCfg = Release|Any CPU
		{63E8BE38-76B9-4B2D-B908-249A5F7793C3}.Release|Any CPU.Build.0 = Release|Any CPU
	EndGlobalSection
	GlobalSection(SolutionProperties) = preSolution
		HideSolutionNode = FALSE
	EndGlobalSection
	GlobalSection(ExtensibilityGlobals) = postSolution
		SolutionGuid = {9E5F6B8B-6640-4A2A-A3EE-4CA4EBE096FB}
	EndGlobalSection
EndGlobal
